
Microsoft Visual Studio Solution File, Format Version 12.00
# Visual Studio Version 16
VisualStudioVersion = 16.0.31501.217
MinimumVisualStudioVersion = 10.0.40219.1
Project("{FAE04EC0-301F-11D3-BF4B-00C04F79EFBC}") = "web_mvc_12", "web_mvc_12\web_mvc_12.csproj", "{B737C7A6-E2CE-4FE1-BE2D-05A8C5BBB38B}"
EndProject
Global
	GlobalSection(SolutionConfigurationPlatforms) = preSolution
		Debug|Any CPU = Debug|Any CPU
		Release|Any CPU = Release|Any CPU
	EndGlobalSection
	GlobalSection(ProjectConfigurationPlatforms) = postSolution
		{B737C7A6-E2CE-4FE1-BE2D-05A8C5BBB38B}.Debug|Any CPU.ActiveCfg = Debug|Any CPU
		{B737C7A6-E2CE-4FE1-BE2D-05A8C5BBB38B}.Debug|Any CPU.Build.0 = Debug|Any CPU
		{B737C7A6-E2CE-4FE1-BE2D-05A8C5BBB38B}.Release|Any CPU.ActiveCfg = Release|Any CPU
		{B737C7A6-E2CE-4FE1-BE2D-05A8C5BBB38B}.Release|Any CPU.Build.0 = Release|Any CPU
	EndGlobalSection
	GlobalSection(SolutionProperties) = preSolution
		HideSolutionNode = FALSE
	EndGlobalSection
	GlobalSection(ExtensibilityGlobals) = postSolution
		SolutionGuid = {963C2622-8577-46A6-8439-15FE21AA2A5E}
	EndGlobalSection
EndGlobal
