
Microsoft Visual Studio Solution File, Format Version 12.00
# Visual Studio Version 16
VisualStudioVersion = 16.0.31501.217
MinimumVisualStudioVersion = 10.0.40219.1
Project("{FAE04EC0-301F-11D3-BF4B-00C04F79EFBC}") = "WebApplication1_codefirst_mvc", "WebApplication1_codefirst_mvc\WebApplication1_codefirst_mvc.csproj", "{F4E6303D-C5B5-4B86-A5D7-84379D75E133}"
EndProject
Global
	GlobalSection(SolutionConfigurationPlatforms) = preSolution
		Debug|Any CPU = Debug|Any CPU
		Release|Any CPU = Release|Any CPU
	EndGlobalSection
	GlobalSection(ProjectConfigurationPlatforms) = postSolution
		{F4E6303D-C5B5-4B86-A5D7-84379D75E133}.Debug|Any CPU.ActiveCfg = Debug|Any CPU
		{F4E6303D-C5B5-4B86-A5D7-84379D75E133}.Debug|Any CPU.Build.0 = Debug|Any CPU
		{F4E6303D-C5B5-4B86-A5D7-84379D75E133}.Release|Any CPU.ActiveCfg = Release|Any CPU
		{F4E6303D-C5B5-4B86-A5D7-84379D75E133}.Release|Any CPU.Build.0 = Release|Any CPU
	EndGlobalSection
	GlobalSection(SolutionProperties) = preSolution
		HideSolutionNode = FALSE
	EndGlobalSection
	GlobalSection(ExtensibilityGlobals) = postSolution
		SolutionGuid = {5133618A-8FC3-48E3-B0C6-FD3C85496EB9}
	EndGlobalSection
EndGlobal
